
Microsoft Visual Studio Solution File, Format Version 12.00
# Visual Studio 14
VisualStudioVersion = 14.0.25420.1
MinimumVisualStudioVersion = 10.0.40219.1
Project("{FAE04EC0-301F-11D3-BF4B-00C04F79EFBC}") = "DataAccess", "DataAccess\DataAccess.csproj", "{F3FF42AF-4CBC-4EC3-8B7C-3F78E6639766}"
EndProject
Project("{FAE04EC0-301F-11D3-BF4B-00C04F79EFBC}") = "DataTransferObject", "DataTransferObject\DataTransferObject.csproj", "{A5F50175-AC66-4CB2-A9CB-E6305D82B72C}"
EndProject
Project("{FAE04EC0-301F-11D3-BF4B-00C04F79EFBC}") = "DataAccessObject", "DataAccessObject\DataAccessObject.csproj", "{BC8CA3EC-AE3B-4EFE-94AC-AFAF90BADB92}"
EndProject
Project("{FAE04EC0-301F-11D3-BF4B-00C04F79EFBC}") = "DataAccess.Test", "DataAccess.Test\DataAccess.Test.csproj", "{51EC83D6-2860-4E1D-974D-7E8DCBF6B8C3}"
EndProject
Global
	GlobalSection(SolutionConfigurationPlatforms) = preSolution
		Debug|Any CPU = Debug|Any CPU
		Release|Any CPU = Release|Any CPU
	EndGlobalSection
	GlobalSection(ProjectConfigurationPlatforms) = postSolution
		{F3FF42AF-4CBC-4EC3-8B7C-3F78E6639766}.Debug|Any CPU.ActiveCfg = Debug|Any CPU
		{F3FF42AF-4CBC-4EC3-8B7C-3F78E6639766}.Debug|Any CPU.Build.0 = Debug|Any CPU
		{F3FF42AF-4CBC-4EC3-8B7C-3F78E6639766}.Release|Any CPU.ActiveCfg = Release|Any CPU
		{F3FF42AF-4CBC-4EC3-8B7C-3F78E6639766}.Release|Any CPU.Build.0 = Release|Any CPU
		{A5F50175-AC66-4CB2-A9CB-E6305D82B72C}.Debug|Any CPU.ActiveCfg = Debug|Any CPU
		{A5F50175-AC66-4CB2-A9CB-E6305D82B72C}.Debug|Any CPU.Build.0 = Debug|Any CPU
		{A5F50175-AC66-4CB2-A9CB-E6305D82B72C}.Release|Any CPU.ActiveCfg = Release|Any CPU
		{A5F50175-AC66-4CB2-A9CB-E6305D82B72C}.Release|Any CPU.Build.0 = Release|Any CPU
		{BC8CA3EC-AE3B-4EFE-94AC-AFAF90BADB92}.Debug|Any CPU.ActiveCfg = Debug|Any CPU
		{BC8CA3EC-AE3B-4EFE-94AC-AFAF90BADB92}.Debug|Any CPU.Build.0 = Debug|Any CPU
		{BC8CA3EC-AE3B-4EFE-94AC-AFAF90BADB92}.Release|Any CPU.ActiveCfg = Release|Any CPU
		{BC8CA3EC-AE3B-4EFE-94AC-AFAF90BADB92}.Release|Any CPU.Build.0 = Release|Any CPU
		{51EC83D6-2860-4E1D-974D-7E8DCBF6B8C3}.Debug|Any CPU.ActiveCfg = Debug|Any CPU
		{51EC83D6-2860-4E1D-974D-7E8DCBF6B8C3}.Debug|Any CPU.Build.0 = Debug|Any CPU
		{51EC83D6-2860-4E1D-974D-7E8DCBF6B8C3}.Release|Any CPU.ActiveCfg = Release|Any CPU
		{51EC83D6-2860-4E1D-974D-7E8DCBF6B8C3}.Release|Any CPU.Build.0 = Release|Any CPU
	EndGlobalSection
	GlobalSection(SolutionProperties) = preSolution
		HideSolutionNode = FALSE
	EndGlobalSection
EndGlobal
